// !$*UTF8*$!
{
	archiveVersion = 1;
	classes = {
	};
	objectVersion = 56;
	objects = {

/* Begin PBXBuildFile section */
		1A4B1BF72EA9919000C207CA /* BodyPart.swift in Sources */ = {isa = PBXBuildFile; fileRef = 1A4B1BF62EA9919000C207CA /* BodyPart.swift */; };
		1A4B1BF92EA991B700C207CA /* todo.txt in Resources */ = {isa = PBXBuildFile; fileRef = 1A4B1BF82EA991B700C207CA /* todo.txt */; };
		1A82A7282E9F2879009DF447 /* BodyPartData.swift in Sources */ = {isa = PBXBuildFile; fileRef = 1A82A7272E9F2879009DF447 /* BodyPartData.swift */; };
		1AC396A72E96EF6C0020F780 /* GymStatApp.swift in Sources */ = {isa = PBXBuildFile; fileRef = 1AC396A62E96EF6C0020F780 /* GymStatApp.swift */; };
		1AC396AB2E96EF6E0020F780 /* Assets.xcassets in Resources */ = {isa = PBXBuildFile; fileRef = 1AC396AA2E96EF6E0020F780 /* Assets.xcassets */; };
		1AC396AE2E96EF6E0020F780 /* Preview Assets.xcassets in Resources */ = {isa = PBXBuildFile; fileRef = 1AC396AD2E96EF6E0020F780 /* Preview Assets.xcassets */; };
		1AC396C12E96F0430020F780 /* TabVew.swift in Sources */ = {isa = PBXBuildFile; fileRef = 1AC396C02E96F0430020F780 /* TabVew.swift */; };
		1AC396CD2E96F0ED0020F780 /* HomeVew.swift in Sources */ = {isa = PBXBuildFile; fileRef = 1AC396CC2E96F0ED0020F780 /* HomeVew.swift */; };
		1AC396CF2E96F1A80020F780 /* SettingsVew.swift in Sources */ = {isa = PBXBuildFile; fileRef = 1AC396CE2E96F1A80020F780 /* SettingsVew.swift */; };
		1AC396D12E96F2A90020F780 /* ProfileVew.swift in Sources */ = {isa = PBXBuildFile; fileRef = 1AC396D02E96F2A90020F780 /* ProfileVew.swift */; };
		1AC396D82E96F3AC0020F780 /* User.swift in Sources */ = {isa = PBXBuildFile; fileRef = 1AC396D72E96F3AC0020F780 /* User.swift */; };
		1AC396DB2E96F43F0020F780 /* UserService.swift in Sources */ = {isa = PBXBuildFile; fileRef = 1AC396DA2E96F43F0020F780 /* UserService.swift */; };
		1AC396DD2E96F77A0020F780 /* ContentView.swift in Sources */ = {isa = PBXBuildFile; fileRef = 1AC396DC2E96F77A0020F780 /* ContentView.swift */; };
		1AC396DF2E96F82A0020F780 /* FirstLoginView.swift in Sources */ = {isa = PBXBuildFile; fileRef = 1AC396DE2E96F82A0020F780 /* FirstLoginView.swift */; };
		1AC396E12E9859D60020F780 /* Exercice.swift in Sources */ = {isa = PBXBuildFile; fileRef = 1AC396E02E9859D60020F780 /* Exercice.swift */; };
		1AC396E32E985A220020F780 /* Series.swift in Sources */ = {isa = PBXBuildFile; fileRef = 1AC396E22E985A220020F780 /* Series.swift */; };
		1AC396E52E985A7C0020F780 /* WorkoutExercise.swift in Sources */ = {isa = PBXBuildFile; fileRef = 1AC396E42E985A7C0020F780 /* WorkoutExercise.swift */; };
		1AC396E72E985ACF0020F780 /* WorkoutSession.swift in Sources */ = {isa = PBXBuildFile; fileRef = 1AC396E62E985ACF0020F780 /* WorkoutSession.swift */; };
		1AC396EA2E985F200020F780 /* ExercisesData.swift in Sources */ = {isa = PBXBuildFile; fileRef = 1AC396E92E985F200020F780 /* ExercisesData.swift */; };
		1AC396EC2E985FAC0020F780 /* AddExerciseView.swift in Sources */ = {isa = PBXBuildFile; fileRef = 1AC396EB2E985FAC0020F780 /* AddExerciseView.swift */; };
		1AC396EE2E9860050020F780 /* CreateExerciceView.swift in Sources */ = {isa = PBXBuildFile; fileRef = 1AC396ED2E9860050020F780 /* CreateExerciceView.swift */; };
		1AC396F12E98615F0020F780 /* EcerciseDetailView.swift in Sources */ = {isa = PBXBuildFile; fileRef = 1AC396F02E98615F0020F780 /* EcerciseDetailView.swift */; };
		1AC396F32E9861880020F780 /* NewSessionView.swift in Sources */ = {isa = PBXBuildFile; fileRef = 1AC396F22E9861880020F780 /* NewSessionView.swift */; };
		1AC396F52E9863BB0020F780 /* ExerciseService.swift in Sources */ = {isa = PBXBuildFile; fileRef = 1AC396F42E9863BB0020F780 /* ExerciseService.swift */; };
/* End PBXBuildFile section */

/* Begin PBXFileReference section */
		1A4B1BF62EA9919000C207CA /* BodyPart.swift */ = {isa = PBXFileReference; fileEncoding = 4; lastKnownFileType = sourcecode.swift; path = BodyPart.swift; sourceTree = "<group>"; };
		1A4B1BF82EA991B700C207CA /* todo.txt */ = {isa = PBXFileReference; fileEncoding = 4; lastKnownFileType = text; name = todo.txt; path = GymStat/todo.txt; sourceTree = "<group>"; };
		1A82A7272E9F2879009DF447 /* BodyPartData.swift */ = {isa = PBXFileReference; lastKnownFileType = sourcecode.swift; path = BodyPartData.swift; sourceTree = "<group>"; };
		1AC396A32E96EF6C0020F780 /* GymStat.app */ = {isa = PBXFileReference; explicitFileType = wrapper.application; includeInIndex = 0; path = GymStat.app; sourceTree = BUILT_PRODUCTS_DIR; };
		1AC396A62E96EF6C0020F780 /* GymStatApp.swift */ = {isa = PBXFileReference; lastKnownFileType = sourcecode.swift; path = GymStatApp.swift; sourceTree = "<group>"; };
		1AC396AA2E96EF6E0020F780 /* Assets.xcassets */ = {isa = PBXFileReference; lastKnownFileType = folder.assetcatalog; path = Assets.xcassets; sourceTree = "<group>"; };
		1AC396AD2E96EF6E0020F780 /* Preview Assets.xcassets */ = {isa = PBXFileReference; lastKnownFileType = folder.assetcatalog; path = "Preview Assets.xcassets"; sourceTree = "<group>"; };
		1AC396C02E96F0430020F780 /* TabVew.swift */ = {isa = PBXFileReference; lastKnownFileType = sourcecode.swift; path = TabVew.swift; sourceTree = "<group>"; };
		1AC396CC2E96F0ED0020F780 /* HomeVew.swift */ = {isa = PBXFileReference; lastKnownFileType = sourcecode.swift; path = HomeVew.swift; sourceTree = "<group>"; };
		1AC396CE2E96F1A80020F780 /* SettingsVew.swift */ = {isa = PBXFileReference; lastKnownFileType = sourcecode.swift; path = SettingsVew.swift; sourceTree = "<group>"; };
		1AC396D02E96F2A90020F780 /* ProfileVew.swift */ = {isa = PBXFileReference; lastKnownFileType = sourcecode.swift; path = ProfileVew.swift; sourceTree = "<group>"; };
		1AC396D72E96F3AC0020F780 /* User.swift */ = {isa = PBXFileReference; lastKnownFileType = sourcecode.swift; path = User.swift; sourceTree = "<group>"; };
		1AC396DA2E96F43F0020F780 /* UserService.swift */ = {isa = PBXFileReference; lastKnownFileType = sourcecode.swift; path = UserService.swift; sourceTree = "<group>"; };
		1AC396DC2E96F77A0020F780 /* ContentView.swift */ = {isa = PBXFileReference; lastKnownFileType = sourcecode.swift; path = ContentView.swift; sourceTree = "<group>"; };
		1AC396DE2E96F82A0020F780 /* FirstLoginView.swift */ = {isa = PBXFileReference; lastKnownFileType = sourcecode.swift; path = FirstLoginView.swift; sourceTree = "<group>"; };
		1AC396E02E9859D60020F780 /* Exercice.swift */ = {isa = PBXFileReference; lastKnownFileType = sourcecode.swift; path = Exercice.swift; sourceTree = "<group>"; };
		1AC396E22E985A220020F780 /* Series.swift */ = {isa = PBXFileReference; lastKnownFileType = sourcecode.swift; path = Series.swift; sourceTree = "<group>"; };
		1AC396E42E985A7C0020F780 /* WorkoutExercise.swift */ = {isa = PBXFileReference; lastKnownFileType = sourcecode.swift; path = WorkoutExercise.swift; sourceTree = "<group>"; };
		1AC396E62E985ACF0020F780 /* WorkoutSession.swift */ = {isa = PBXFileReference; lastKnownFileType = sourcecode.swift; path = WorkoutSession.swift; sourceTree = "<group>"; };
		1AC396E92E985F200020F780 /* ExercisesData.swift */ = {isa = PBXFileReference; lastKnownFileType = sourcecode.swift; path = ExercisesData.swift; sourceTree = "<group>"; };
		1AC396EB2E985FAC0020F780 /* AddExerciseView.swift */ = {isa = PBXFileReference; lastKnownFileType = sourcecode.swift; path = AddExerciseView.swift; sourceTree = "<group>"; };
		1AC396ED2E9860050020F780 /* CreateExerciceView.swift */ = {isa = PBXFileReference; lastKnownFileType = sourcecode.swift; path = CreateExerciceView.swift; sourceTree = "<group>"; };
		1AC396F02E98615F0020F780 /* EcerciseDetailView.swift */ = {isa = PBXFileReference; lastKnownFileType = sourcecode.swift; path = EcerciseDetailView.swift; sourceTree = "<group>"; };
		1AC396F22E9861880020F780 /* NewSessionView.swift */ = {isa = PBXFileReference; lastKnownFileType = sourcecode.swift; path = NewSessionView.swift; sourceTree = "<group>"; };
		1AC396F42E9863BB0020F780 /* ExerciseService.swift */ = {isa = PBXFileReference; lastKnownFileType = sourcecode.swift; path = ExerciseService.swift; sourceTree = "<group>"; };
/* End PBXFileReference section */

/* Begin PBXFrameworksBuildPhase section */
		1AC396A02E96EF6C0020F780 /* Frameworks */ = {
			isa = PBXFrameworksBuildPhase;
			buildActionMask = 2147483647;
			files = (
			);
			runOnlyForDeploymentPostprocessing = 0;
		};
/* End PBXFrameworksBuildPhase section */

/* Begin PBXGroup section */
		1A4B1BFA2EA9971F00C207CA /* Asset */ = {
			isa = PBXGroup;
			children = (
			);
			path = Asset;
			sourceTree = "<group>";
		};
		1AC3969A2E96EF6C0020F780 = {
			isa = PBXGroup;
			children = (
				1A4B1BF82EA991B700C207CA /* todo.txt */,
				1AC396A52E96EF6C0020F780 /* GymStat */,
				1AC396A42E96EF6C0020F780 /* Products */,
			);
			sourceTree = "<group>";
		};
		1AC396A42E96EF6C0020F780 /* Products */ = {
			isa = PBXGroup;
			children = (
				1AC396A32E96EF6C0020F780 /* GymStat.app */,
			);
			name = Products;
			sourceTree = "<group>";
		};
		1AC396A52E96EF6C0020F780 /* GymStat */ = {
			isa = PBXGroup;
			children = (
				1AC396E82E985F0C0020F780 /* Data */,
				1AC396D92E96F4310020F780 /* Service */,
				1AC396D32E96F3820020F780 /* Object */,
				1AC396D22E96F3430020F780 /* Vew */,
				1AC396A62E96EF6C0020F780 /* GymStatApp.swift */,
				1AC396AA2E96EF6E0020F780 /* Assets.xcassets */,
				1AC396AC2E96EF6E0020F780 /* Preview Content */,
				1A4B1BFA2EA9971F00C207CA /* Asset */,
			);
			path = GymStat;
			sourceTree = "<group>";
		};
		1AC396AC2E96EF6E0020F780 /* Preview Content */ = {
			isa = PBXGroup;
			children = (
				1AC396AD2E96EF6E0020F780 /* Preview Assets.xcassets */,
			);
			path = "Preview Content";
			sourceTree = "<group>";
		};
		1AC396D22E96F3430020F780 /* Vew */ = {
			isa = PBXGroup;
			children = (
				1AC396EF2E9860340020F780 /* Training */,
				1AC396D02E96F2A90020F780 /* ProfileVew.swift */,
				1AC396CE2E96F1A80020F780 /* SettingsVew.swift */,
				1AC396CC2E96F0ED0020F780 /* HomeVew.swift */,
				1AC396C02E96F0430020F780 /* TabVew.swift */,
				1AC396DC2E96F77A0020F780 /* ContentView.swift */,
				1AC396DE2E96F82A0020F780 /* FirstLoginView.swift */,
			);
			path = Vew;
			sourceTree = "<group>";
		};
		1AC396D32E96F3820020F780 /* Object */ = {
			isa = PBXGroup;
			children = (
				1A4B1BF62EA9919000C207CA /* BodyPart.swift */,
				1AC396D72E96F3AC0020F780 /* User.swift */,
				1AC396E02E9859D60020F780 /* Exercice.swift */,
				1AC396E22E985A220020F780 /* Series.swift */,
				1AC396E42E985A7C0020F780 /* WorkoutExercise.swift */,
				1AC396E62E985ACF0020F780 /* WorkoutSession.swift */,
			);
			path = Object;
			sourceTree = "<group>";
		};
		1AC396D92E96F4310020F780 /* Service */ = {
			isa = PBXGroup;
			children = (
				1AC396F42E9863BB0020F780 /* ExerciseService.swift */,
				1AC396DA2E96F43F0020F780 /* UserService.swift */,
			);
			path = Service;
			sourceTree = "<group>";
		};
		1AC396E82E985F0C0020F780 /* Data */ = {
			isa = PBXGroup;
			children = (
				1AC396E92E985F200020F780 /* ExercisesData.swift */,
				1A82A7272E9F2879009DF447 /* BodyPartData.swift */,
			);
			path = Data;
			sourceTree = "<group>";
		};
		1AC396EF2E9860340020F780 /* Training */ = {
			isa = PBXGroup;
			children = (
				1AC396ED2E9860050020F780 /* CreateExerciceView.swift */,
				1AC396EB2E985FAC0020F780 /* AddExerciseView.swift */,
				1AC396F02E98615F0020F780 /* EcerciseDetailView.swift */,
				1AC396F22E9861880020F780 /* NewSessionView.swift */,
			);
			path = Training;
			sourceTree = "<group>";
		};
/* End PBXGroup section */

/* Begin PBXNativeTarget section */
		1AC396A22E96EF6C0020F780 /* GymStat */ = {
			isa = PBXNativeTarget;
			buildConfigurationList = 1AC396B12E96EF6E0020F780 /* Build configuration list for PBXNativeTarget "GymStat" */;
			buildPhases = (
				1AC3969F2E96EF6C0020F780 /* Sources */,
				1AC396A02E96EF6C0020F780 /* Frameworks */,
				1AC396A12E96EF6C0020F780 /* Resources */,
			);
			buildRules = (
			);
			dependencies = (
			);
			name = GymStat;
			productName = GymStat;
			productReference = 1AC396A32E96EF6C0020F780 /* GymStat.app */;
			productType = "com.apple.product-type.application";
		};
/* End PBXNativeTarget section */

/* Begin PBXProject section */
		1AC3969B2E96EF6C0020F780 /* Project object */ = {
			isa = PBXProject;
			attributes = {
				BuildIndependentTargetsInParallel = 1;
				LastSwiftUpdateCheck = 1420;
				LastUpgradeCheck = 1420;
				TargetAttributes = {
					1AC396A22E96EF6C0020F780 = {
						CreatedOnToolsVersion = 14.2;
					};
				};
			};
			buildConfigurationList = 1AC3969E2E96EF6C0020F780 /* Build configuration list for PBXProject "GymStat" */;
			compatibilityVersion = "Xcode 14.0";
			developmentRegion = en;
			hasScannedForEncodings = 0;
			knownRegions = (
				en,
				Base,
			);
			mainGroup = 1AC3969A2E96EF6C0020F780;
			productRefGroup = 1AC396A42E96EF6C0020F780 /* Products */;
			projectDirPath = "";
			projectRoot = "";
			targets = (
				1AC396A22E96EF6C0020F780 /* GymStat */,
			);
		};
/* End PBXProject section */

/* Begin PBXResourcesBuildPhase section */
		1AC396A12E96EF6C0020F780 /* Resources */ = {
			isa = PBXResourcesBuildPhase;
			buildActionMask = 2147483647;
			files = (
				1AC396AE2E96EF6E0020F780 /* Preview Assets.xcassets in Resources */,
				1A4B1BF92EA991B700C207CA /* todo.txt in Resources */,
				1AC396AB2E96EF6E0020F780 /* Assets.xcassets in Resources */,
			);
			runOnlyForDeploymentPostprocessing = 0;
		};
/* End PBXResourcesBuildPhase section */

/* Begin PBXSourcesBuildPhase section */
		1AC3969F2E96EF6C0020F780 /* Sources */ = {
			isa = PBXSourcesBuildPhase;
			buildActionMask = 2147483647;
			files = (
				1AC396DB2E96F43F0020F780 /* UserService.swift in Sources */,
				1AC396E12E9859D60020F780 /* Exercice.swift in Sources */,
				1AC396E72E985ACF0020F780 /* WorkoutSession.swift in Sources */,
				1AC396DF2E96F82A0020F780 /* FirstLoginView.swift in Sources */,
				1AC396CD2E96F0ED0020F780 /* HomeVew.swift in Sources */,
				1AC396DD2E96F77A0020F780 /* ContentView.swift in Sources */,
				1AC396F32E9861880020F780 /* NewSessionView.swift in Sources */,
				1AC396D12E96F2A90020F780 /* ProfileVew.swift in Sources */,
				1A82A7282E9F2879009DF447 /* BodyPartData.swift in Sources */,
				1AC396D82E96F3AC0020F780 /* User.swift in Sources */,
				1AC396C12E96F0430020F780 /* TabVew.swift in Sources */,
				1AC396E32E985A220020F780 /* Series.swift in Sources */,
				1AC396EE2E9860050020F780 /* CreateExerciceView.swift in Sources */,
				1AC396A72E96EF6C0020F780 /* GymStatApp.swift in Sources */,
				1AC396F52E9863BB0020F780 /* ExerciseService.swift in Sources */,
				1AC396CF2E96F1A80020F780 /* SettingsVew.swift in Sources */,
				1A4B1BF72EA9919000C207CA /* BodyPart.swift in Sources */,
				1AC396E52E985A7C0020F780 /* WorkoutExercise.swift in Sources */,
				1AC396F12E98615F0020F780 /* EcerciseDetailView.swift in Sources */,
				1AC396EC2E985FAC0020F780 /* AddExerciseView.swift in Sources */,
				1AC396EA2E985F200020F780 /* ExercisesData.swift in Sources */,
			);
			runOnlyForDeploymentPostprocessing = 0;
		};
/* End PBXSourcesBuildPhase section */

/* Begin XCBuildConfiguration section */
		1AC396AF2E96EF6E0020F780 /* Debug */ = {
			isa = XCBuildConfiguration;
			buildSettings = {
				ALWAYS_SEARCH_USER_PATHS = NO;
				CLANG_ANALYZER_NONNULL = YES;
				CLANG_ANALYZER_NUMBER_OBJECT_CONVERSION = YES_AGGRESSIVE;
				CLANG_CXX_LANGUAGE_STANDARD = "gnu++20";
				CLANG_ENABLE_MODULES = YES;
				CLANG_ENABLE_OBJC_ARC = YES;
				CLANG_ENABLE_OBJC_WEAK = YES;
				CLANG_WARN_BLOCK_CAPTURE_AUTORELEASING = YES;
				CLANG_WARN_BOOL_CONVERSION = YES;
				CLANG_WARN_COMMA = YES;
				CLANG_WARN_CONSTANT_CONVERSION = YES;
				CLANG_WARN_DEPRECATED_OBJC_IMPLEMENTATIONS = YES;
				CLANG_WARN_DIRECT_OBJC_ISA_USAGE = YES_ERROR;
				CLANG_WARN_DOCUMENTATION_COMMENTS = YES;
				CLANG_WARN_EMPTY_BODY = YES;
				CLANG_WARN_ENUM_CONVERSION = YES;
				CLANG_WARN_INFINITE_RECURSION = YES;
				CLANG_WARN_INT_CONVERSION = YES;
				CLANG_WARN_NON_LITERAL_NULL_CONVERSION = YES;
				CLANG_WARN_OBJC_IMPLICIT_RETAIN_SELF = YES;
				CLANG_WARN_OBJC_LITERAL_CONVERSION = YES;
				CLANG_WARN_OBJC_ROOT_CLASS = YES_ERROR;
				CLANG_WARN_QUOTED_INCLUDE_IN_FRAMEWORK_HEADER = YES;
				CLANG_WARN_RANGE_LOOP_ANALYSIS = YES;
				CLANG_WARN_STRICT_PROTOTYPES = YES;
				CLANG_WARN_SUSPICIOUS_MOVE = YES;
				CLANG_WARN_UNGUARDED_AVAILABILITY = YES_AGGRESSIVE;
				CLANG_WARN_UNREACHABLE_CODE = YES;
				CLANG_WARN__DUPLICATE_METHOD_MATCH = YES;
				COPY_PHASE_STRIP = NO;
				DEBUG_INFORMATION_FORMAT = dwarf;
				ENABLE_STRICT_OBJC_MSGSEND = YES;
				ENABLE_TESTABILITY = YES;
				GCC_C_LANGUAGE_STANDARD = gnu11;
				GCC_DYNAMIC_NO_PIC = NO;
				GCC_NO_COMMON_BLOCKS = YES;
				GCC_OPTIMIZATION_LEVEL = 0;
				GCC_PREPROCESSOR_DEFINITIONS = (
					"DEBUG=1",
					"$(inherited)",
				);
				GCC_WARN_64_TO_32_BIT_CONVERSION = YES;
				GCC_WARN_ABOUT_RETURN_TYPE = YES_ERROR;
				GCC_WARN_UNDECLARED_SELECTOR = YES;
				GCC_WARN_UNINITIALIZED_AUTOS = YES_AGGRESSIVE;
				GCC_WARN_UNUSED_FUNCTION = YES;
				GCC_WARN_UNUSED_VARIABLE = YES;
				IPHONEOS_DEPLOYMENT_TARGET = 16.2;
				MTL_ENABLE_DEBUG_INFO = INCLUDE_SOURCE;
				MTL_FAST_MATH = YES;
				ONLY_ACTIVE_ARCH = YES;
				SDKROOT = iphoneos;
				SWIFT_ACTIVE_COMPILATION_CONDITIONS = DEBUG;
				SWIFT_OPTIMIZATION_LEVEL = "-Onone";
			};
			name = Debug;
		};
		1AC396B02E96EF6E0020F780 /* Release */ = {
			isa = XCBuildConfiguration;
			buildSettings = {
				ALWAYS_SEARCH_USER_PATHS = NO;
				CLANG_ANALYZER_NONNULL = YES;
				CLANG_ANALYZER_NUMBER_OBJECT_CONVERSION = YES_AGGRESSIVE;
				CLANG_CXX_LANGUAGE_STANDARD = "gnu++20";
				CLANG_ENABLE_MODULES = YES;
				CLANG_ENABLE_OBJC_ARC = YES;
				CLANG_ENABLE_OBJC_WEAK = YES;
				CLANG_WARN_BLOCK_CAPTURE_AUTORELEASING = YES;
				CLANG_WARN_BOOL_CONVERSION = YES;
				CLANG_WARN_COMMA = YES;
				CLANG_WARN_CONSTANT_CONVERSION = YES;
				CLANG_WARN_DEPRECATED_OBJC_IMPLEMENTATIONS = YES;
				CLANG_WARN_DIRECT_OBJC_ISA_USAGE = YES_ERROR;
				CLANG_WARN_DOCUMENTATION_COMMENTS = YES;
				CLANG_WARN_EMPTY_BODY = YES;
				CLANG_WARN_ENUM_CONVERSION = YES;
				CLANG_WARN_INFINITE_RECURSION = YES;
				CLANG_WARN_INT_CONVERSION = YES;
				CLANG_WARN_NON_LITERAL_NULL_CONVERSION = YES;
				CLANG_WARN_OBJC_IMPLICIT_RETAIN_SELF = YES;
				CLANG_WARN_OBJC_LITERAL_CONVERSION = YES;
				CLANG_WARN_OBJC_ROOT_CLASS = YES_ERROR;
				CLANG_WARN_QUOTED_INCLUDE_IN_FRAMEWORK_HEADER = YES;
				CLANG_WARN_RANGE_LOOP_ANALYSIS = YES;
				CLANG_WARN_STRICT_PROTOTYPES = YES;
				CLANG_WARN_SUSPICIOUS_MOVE = YES;
				CLANG_WARN_UNGUARDED_AVAILABILITY = YES_AGGRESSIVE;
				CLANG_WARN_UNREACHABLE_CODE = YES;
				CLANG_WARN__DUPLICATE_METHOD_MATCH = YES;
				COPY_PHASE_STRIP = NO;
				DEBUG_INFORMATION_FORMAT = "dwarf-with-dsym";
				ENABLE_NS_ASSERTIONS = NO;
				ENABLE_STRICT_OBJC_MSGSEND = YES;
				GCC_C_LANGUAGE_STANDARD = gnu11;
				GCC_NO_COMMON_BLOCKS = YES;
				GCC_WARN_64_TO_32_BIT_CONVERSION = YES;
				GCC_WARN_ABOUT_RETURN_TYPE = YES_ERROR;
				GCC_WARN_UNDECLARED_SELECTOR = YES;
				GCC_WARN_UNINITIALIZED_AUTOS = YES_AGGRESSIVE;
				GCC_WARN_UNUSED_FUNCTION = YES;
				GCC_WARN_UNUSED_VARIABLE = YES;
				IPHONEOS_DEPLOYMENT_TARGET = 16.2;
				MTL_ENABLE_DEBUG_INFO = NO;
				MTL_FAST_MATH = YES;
				SDKROOT = iphoneos;
				SWIFT_COMPILATION_MODE = wholemodule;
				SWIFT_OPTIMIZATION_LEVEL = "-O";
				VALIDATE_PRODUCT = YES;
			};
			name = Release;
		};
		1AC396B22E96EF6E0020F780 /* Debug */ = {
			isa = XCBuildConfiguration;
			buildSettings = {
				ASSETCATALOG_COMPILER_APPICON_NAME = AppIcon;
				ASSETCATALOG_COMPILER_GLOBAL_ACCENT_COLOR_NAME = AccentColor;
				CODE_SIGN_STYLE = Automatic;
				CURRENT_PROJECT_VERSION = 1;
				DEVELOPMENT_ASSET_PATHS = "\"GymStat/Preview Content\"";
				ENABLE_PREVIEWS = YES;
				GENERATE_INFOPLIST_FILE = YES;
				INFOPLIST_KEY_UIApplicationSceneManifest_Generation = YES;
				INFOPLIST_KEY_UIApplicationSupportsIndirectInputEvents = YES;
				INFOPLIST_KEY_UILaunchScreen_Generation = YES;
				INFOPLIST_KEY_UISupportedInterfaceOrientations_iPad = "UIInterfaceOrientationPortrait UIInterfaceOrientationPortraitUpsideDown UIInterfaceOrientationLandscapeLeft UIInterfaceOrientationLandscapeRight";
				INFOPLIST_KEY_UISupportedInterfaceOrientations_iPhone = "UIInterfaceOrientationPortrait UIInterfaceOrientationLandscapeLeft UIInterfaceOrientationLandscapeRight";
				LD_RUNPATH_SEARCH_PATHS = (
					"$(inherited)",
					"@executable_path/Frameworks",
				);
				MARKETING_VERSION = 1.0;
				PRODUCT_BUNDLE_IDENTIFIER = com.Algyz.GymStat;
				PRODUCT_NAME = "$(TARGET_NAME)";
				SWIFT_EMIT_LOC_STRINGS = YES;
				SWIFT_VERSION = 5.0;
				TARGETED_DEVICE_FAMILY = "1,2";
			};
			name = Debug;
		};
		1AC396B32E96EF6E0020F780 /* Release */ = {
			isa = XCBuildConfiguration;
			buildSettings = {
				ASSETCATALOG_COMPILER_APPICON_NAME = AppIcon;
				ASSETCATALOG_COMPILER_GLOBAL_ACCENT_COLOR_NAME = AccentColor;
				CODE_SIGN_STYLE = Automatic;
				CURRENT_PROJECT_VERSION = 1;
				DEVELOPMENT_ASSET_PATHS = "\"GymStat/Preview Content\"";
				ENABLE_PREVIEWS = YES;
				GENERATE_INFOPLIST_FILE = YES;
				INFOPLIST_KEY_UIApplicationSceneManifest_Generation = YES;
				INFOPLIST_KEY_UIApplicationSupportsIndirectInputEvents = YES;
				INFOPLIST_KEY_UILaunchScreen_Generation = YES;
				INFOPLIST_KEY_UISupportedInterfaceOrientations_iPad = "UIInterfaceOrientationPortrait UIInterfaceOrientationPortraitUpsideDown UIInterfaceOrientationLandscapeLeft UIInterfaceOrientationLandscapeRight";
				INFOPLIST_KEY_UISupportedInterfaceOrientations_iPhone = "UIInterfaceOrientationPortrait UIInterfaceOrientationLandscapeLeft UIInterfaceOrientationLandscapeRight";
				LD_RUNPATH_SEARCH_PATHS = (
					"$(inherited)",
					"@executable_path/Frameworks",
				);
				MARKETING_VERSION = 1.0;
				PRODUCT_BUNDLE_IDENTIFIER = com.Algyz.GymStat;
				PRODUCT_NAME = "$(TARGET_NAME)";
				SWIFT_EMIT_LOC_STRINGS = YES;
				SWIFT_VERSION = 5.0;
				TARGETED_DEVICE_FAMILY = "1,2";
			};
			name = Release;
		};
/* End XCBuildConfiguration section */

/* Begin XCConfigurationList section */
		1AC3969E2E96EF6C0020F780 /* Build configuration list for PBXProject "GymStat" */ = {
			isa = XCConfigurationList;
			buildConfigurations = (
				1AC396AF2E96EF6E0020F780 /* Debug */,
				1AC396B02E96EF6E0020F780 /* Release */,
			);
			defaultConfigurationIsVisible = 0;
			defaultConfigurationName = Release;
		};
		1AC396B12E96EF6E0020F780 /* Build configuration list for PBXNativeTarget "GymStat" */ = {
			isa = XCConfigurationList;
			buildConfigurations = (
				1AC396B22E96EF6E0020F780 /* Debug */,
				1AC396B32E96EF6E0020F780 /* Release */,
			);
			defaultConfigurationIsVisible = 0;
			defaultConfigurationName = Release;
		};
/* End XCConfigurationList section */
	};
	rootObject = 1AC3969B2E96EF6C0020F780 /* Project object */;
}
